
Microsoft Visual Studio Solution File, Format Version 12.00
# Visual Studio Version 17
VisualStudioVersion = 17.4.33110.190
MinimumVisualStudioVersion = 10.0.40219.1
Project("{FAE04EC0-301F-11D3-BF4B-00C04F79EFBC}") = "eTickets", "eTickets\eTickets.csproj", "{B1944A1E-B551-42BC-90ED-7ADB02C4B472}"
EndProject
Global
	GlobalSection(SolutionConfigurationPlatforms) = preSolution
		Debug|Any CPU = Debug|Any CPU
		Release|Any CPU = Release|Any CPU
	EndGlobalSection
	GlobalSection(ProjectConfigurationPlatforms) = postSolution
		{B1944A1E-B551-42BC-90ED-7ADB02C4B472}.Debug|Any CPU.ActiveCfg = Debug|Any CPU
		{B1944A1E-B551-42BC-90ED-7ADB02C4B472}.Debug|Any CPU.Build.0 = Debug|Any CPU
		{B1944A1E-B551-42BC-90ED-7ADB02C4B472}.Release|Any CPU.ActiveCfg = Release|Any CPU
		{B1944A1E-B551-42BC-90ED-7ADB02C4B472}.Release|Any CPU.Build.0 = Release|Any CPU
	EndGlobalSection
	GlobalSection(SolutionProperties) = preSolution
		HideSolutionNode = FALSE
	EndGlobalSection
	GlobalSection(ExtensibilityGlobals) = postSolution
		SolutionGuid = {900D4271-8A95-453D-9624-65426E87F06C}
	EndGlobalSection
EndGlobal
